
Microsoft Visual Studio Solution File, Format Version 12.00
# Visual Studio Version 16
VisualStudioVersion = 16.0.31205.134
MinimumVisualStudioVersion = 10.0.40219.1
Project("{FAE04EC0-301F-11D3-BF4B-00C04F79EFBC}") = "InnerEditor", "InnerEditor.csproj", "{3F64EB5F-1490-4356-836C-5ABA309348BD}"
EndProject
Global
	GlobalSection(SolutionConfigurationPlatforms) = preSolution
		Debug|Any CPU = Debug|Any CPU
		Release|Any CPU = Release|Any CPU
	EndGlobalSection
	GlobalSection(ProjectConfigurationPlatforms) = postSolution
		{3F64EB5F-1490-4356-836C-5ABA309348BD}.Debug|Any CPU.ActiveCfg = Debug|Any CPU
		{3F64EB5F-1490-4356-836C-5ABA309348BD}.Debug|Any CPU.Build.0 = Debug|Any CPU
		{3F64EB5F-1490-4356-836C-5ABA309348BD}.Release|Any CPU.ActiveCfg = Release|Any CPU
		{3F64EB5F-1490-4356-836C-5ABA309348BD}.Release|Any CPU.Build.0 = Release|Any CPU
	EndGlobalSection
	GlobalSection(SolutionProperties) = preSolution
		HideSolutionNode = FALSE
	EndGlobalSection
	GlobalSection(ExtensibilityGlobals) = postSolution
		SolutionGuid = {1649BB4A-5EEF-494B-91B6-8640AEC31949}
	EndGlobalSection
EndGlobal
